// !$*UTF8*$!
{
	archiveVersion = 1;
	classes = {
	};
	objectVersion = 55;
	objects = {

/* Begin PBXBuildFile section */
		252577862732BC0700252690 /* Styles.swift in Sources */ = {isa = PBXBuildFile; fileRef = 252577852732BC0700252690 /* Styles.swift */; };
		252A89BA275AA8BD00BCA7AF /* Image.swift in Sources */ = {isa = PBXBuildFile; fileRef = 252A89B9275AA8BD00BCA7AF /* Image.swift */; };
		252A89BC275AA91200BCA7AF /* FotoFormView.swift in Sources */ = {isa = PBXBuildFile; fileRef = 252A89BB275AA91200BCA7AF /* FotoFormView.swift */; };
		252DC7B127248635005F3489 /* ProductEntityView.swift in Sources */ = {isa = PBXBuildFile; fileRef = 252DC7B027248635005F3489 /* ProductEntityView.swift */; };
		254093352735A23A00AA07D5 /* String.swift in Sources */ = {isa = PBXBuildFile; fileRef = 254093342735A23A00AA07D5 /* String.swift */; };
		2544199727395B11005290C9 /* NewProjectView.swift in Sources */ = {isa = PBXBuildFile; fileRef = 2544199627395B11005290C9 /* NewProjectView.swift */; };
		254420752746AAEC00CFDDA4 /* ProjectDataView.swift in Sources */ = {isa = PBXBuildFile; fileRef = 254420742746AAEC00CFDDA4 /* ProjectDataView.swift */; };
		254420792746C89200CFDDA4 /* CustomEnvironmentProperties.swift in Sources */ = {isa = PBXBuildFile; fileRef = 254420782746C89200CFDDA4 /* CustomEnvironmentProperties.swift */; };
		255F375827AC7D1B00931412 /* UbicationView.swift in Sources */ = {isa = PBXBuildFile; fileRef = 255F375727AC7D1B00931412 /* UbicationView.swift */; };
		25743CDF27A8300200AB4598 /* ColorSwatchView.swift in Sources */ = {isa = PBXBuildFile; fileRef = 25743CDE27A8300200AB4598 /* ColorSwatchView.swift */; };
		25745B69275866460056474E /* CreatePDF.swift in Sources */ = {isa = PBXBuildFile; fileRef = 25745B68275866460056474E /* CreatePDF.swift */; };
		257CC826271FE561009C65D1 /* FeivanApp.swift in Sources */ = {isa = PBXBuildFile; fileRef = 257CC825271FE561009C65D1 /* FeivanApp.swift */; };
		257CC828271FE561009C65D1 /* ClientEntityView.swift in Sources */ = {isa = PBXBuildFile; fileRef = 257CC827271FE561009C65D1 /* ClientEntityView.swift */; };
		257CC82F271FE564009C65D1 /* Persistence.swift in Sources */ = {isa = PBXBuildFile; fileRef = 257CC82E271FE564009C65D1 /* Persistence.swift */; };
		257CC83C271FE937009C65D1 /* ClientViewModel.swift in Sources */ = {isa = PBXBuildFile; fileRef = 257CC83B271FE937009C65D1 /* ClientViewModel.swift */; };
		257CC83F272188CA009C65D1 /* Feivan.xcdatamodeld in Sources */ = {isa = PBXBuildFile; fileRef = 257CC83D272188CA009C65D1 /* Feivan.xcdatamodeld */; };
		257CC84327218926009C65D1 /* HomeView.swift in Sources */ = {isa = PBXBuildFile; fileRef = 257CC84227218926009C65D1 /* HomeView.swift */; };
		259AD0C4274E45EC00B697DD /* NewClientView.swift in Sources */ = {isa = PBXBuildFile; fileRef = 259AD0C3274E45EC00B697DD /* NewClientView.swift */; };
		259AD0C6274E460000B697DD /* NewProductView.swift in Sources */ = {isa = PBXBuildFile; fileRef = 259AD0C5274E460000B697DD /* NewProductView.swift */; };
		259AD0C8274E466A00B697DD /* NewSummaryView.swift in Sources */ = {isa = PBXBuildFile; fileRef = 259AD0C7274E466A00B697DD /* NewSummaryView.swift */; };
		259AD0CB274E47C900B697DD /* FamiliaFormView.swift in Sources */ = {isa = PBXBuildFile; fileRef = 259AD0CA274E47C900B697DD /* FamiliaFormView.swift */; };
		259AD0CD274E480A00B697DD /* NombreFormView.swift in Sources */ = {isa = PBXBuildFile; fileRef = 259AD0CC274E480A00B697DD /* NombreFormView.swift */; };
		259AD0CF274E482800B697DD /* MaterialFormView.swift in Sources */ = {isa = PBXBuildFile; fileRef = 259AD0CE274E482800B697DD /* MaterialFormView.swift */; };
		259AD0D1274E48B600B697DD /* CurvasFormView.swift in Sources */ = {isa = PBXBuildFile; fileRef = 259AD0D0274E48B600B697DD /* CurvasFormView.swift */; };
		259AD0D3274E490000B697DD /* ColorFormView.swift in Sources */ = {isa = PBXBuildFile; fileRef = 259AD0D2274E490000B697DD /* ColorFormView.swift */; };
		259AD0D5274E491B00B697DD /* TapajuntasFormView.swift in Sources */ = {isa = PBXBuildFile; fileRef = 259AD0D4274E491B00B697DD /* TapajuntasFormView.swift */; };
		259AD0D7274E493E00B697DD /* DimensionesFormView.swift in Sources */ = {isa = PBXBuildFile; fileRef = 259AD0D6274E493E00B697DD /* DimensionesFormView.swift */; };
		259AD0D9274E495800B697DD /* AperturaFormView.swift in Sources */ = {isa = PBXBuildFile; fileRef = 259AD0D8274E495800B697DD /* AperturaFormView.swift */; };
		259AD0DB274E49F400B697DD /* CompactoFormView.swift in Sources */ = {isa = PBXBuildFile; fileRef = 259AD0DA274E49F400B697DD /* CompactoFormView.swift */; };
		259AD0DF274E4A2F00B697DD /* HuellaFormView.swift in Sources */ = {isa = PBXBuildFile; fileRef = 259AD0DE274E4A2F00B697DD /* HuellaFormView.swift */; };
		259AD0E1274E4A4B00B697DD /* ForroExteriorFormView.swift in Sources */ = {isa = PBXBuildFile; fileRef = 259AD0E0274E4A4A00B697DD /* ForroExteriorFormView.swift */; };
		259AD0E3274E4A6900B697DD /* CristalFormView.swift in Sources */ = {isa = PBXBuildFile; fileRef = 259AD0E2274E4A6900B697DD /* CristalFormView.swift */; };
		259AD0E5274E4C4600B697DD /* CerradurasFormView.swift in Sources */ = {isa = PBXBuildFile; fileRef = 259AD0E4274E4C4600B697DD /* CerradurasFormView.swift */; };
		259AD0E7274E4C6700B697DD /* ManetasFormView.swift in Sources */ = {isa = PBXBuildFile; fileRef = 259AD0E6274E4C6700B697DD /* ManetasFormView.swift */; };
		259AD0E9274E4CB900B697DD /* HerrajeFormView.swift in Sources */ = {isa = PBXBuildFile; fileRef = 259AD0E8274E4CB900B697DD /* HerrajeFormView.swift */; };
		259AD0EB274E4CD900B697DD /* PosicionFormView.swift in Sources */ = {isa = PBXBuildFile; fileRef = 259AD0EA274E4CD900B697DD /* PosicionFormView.swift */; };
		259AD0ED274E4CF200B697DD /* InstalacionFormView.swift in Sources */ = {isa = PBXBuildFile; fileRef = 259AD0EC274E4CF200B697DD /* InstalacionFormView.swift */; };
		259AD0EF274E4D1100B697DD /* MallorquinaFormView.swift in Sources */ = {isa = PBXBuildFile; fileRef = 259AD0EE274E4D1100B697DD /* MallorquinaFormView.swift */; };
		259BC28D272862BD00AE3305 /* Json.swift in Sources */ = {isa = PBXBuildFile; fileRef = 259BC28C272862BD00AE3305 /* Json.swift */; };
		25A0018C27AEF34F0094F636 /* DrawOnImageView.swift in Sources */ = {isa = PBXBuildFile; fileRef = 25A0018B27AEF34F0094F636 /* DrawOnImageView.swift */; };
		25AE2B1C27B1586E009CF424 /* SwiftUtilities.swift in Sources */ = {isa = PBXBuildFile; fileRef = 25AE2B1B27B1586E009CF424 /* SwiftUtilities.swift */; };
		25B790F62722D43000A2F6CD /* ProjectEntityView.swift in Sources */ = {isa = PBXBuildFile; fileRef = 25B790F52722D43000A2F6CD /* ProjectEntityView.swift */; };
		25C6B6B2276B77B000253C7E /* HeaderPDF.swift in Sources */ = {isa = PBXBuildFile; fileRef = 25C6B6B1276B77B000253C7E /* HeaderPDF.swift */; };
		25C6B6B4276B789A00253C7E /* ProductPDF.swift in Sources */ = {isa = PBXBuildFile; fileRef = 25C6B6B3276B789A00253C7E /* ProductPDF.swift */; };
		25C6B6B6276B799400253C7E /* UtilsPDF.swift in Sources */ = {isa = PBXBuildFile; fileRef = 25C6B6B5276B799400253C7E /* UtilsPDF.swift */; };
		25D50FC827B2DDF900795C5F /* Clone.swift in Sources */ = {isa = PBXBuildFile; fileRef = 25D50FC727B2DDF900795C5F /* Clone.swift */; };
		25D50FCA27B3E32C00795C5F /* ProjectDataVM.swift in Sources */ = {isa = PBXBuildFile; fileRef = 25D50FC927B3E32C00795C5F /* ProjectDataVM.swift */; };
		25DBF3452743CBDB001D5FE3 /* MultipleSelection.swift in Sources */ = {isa = PBXBuildFile; fileRef = 25DBF3442743CBDB001D5FE3 /* MultipleSelection.swift */; };
		25E8F23B27218D510009CEB7 /* ListProjectsView.swift in Sources */ = {isa = PBXBuildFile; fileRef = 25E8F23A27218D510009CEB7 /* ListProjectsView.swift */; };
		25E8F23D27218E120009CEB7 /* ProjectViewModel.swift in Sources */ = {isa = PBXBuildFile; fileRef = 25E8F23C27218E120009CEB7 /* ProjectViewModel.swift */; };
		25E8F23F272197590009CEB7 /* DebugFile.swift in Sources */ = {isa = PBXBuildFile; fileRef = 25E8F23E272197590009CEB7 /* DebugFile.swift */; };
		25E908A02721AE9C008A490B /* ProductViewModel.swift in Sources */ = {isa = PBXBuildFile; fileRef = 25E9089F2721AE9C008A490B /* ProductViewModel.swift */; };
		25ECB4D4276653040066F67C /* examplePDF.swift in Sources */ = {isa = PBXBuildFile; fileRef = 25ECB4D3276653040066F67C /* examplePDF.swift */; };
		25F7D57D276777D60019BA05 /* Assets.xcassets in Resources */ = {isa = PBXBuildFile; fileRef = 257CC829271FE564009C65D1 /* Assets.xcassets */; };
		25F7D57E276777DA0019BA05 /* Hierarchy.json in Resources */ = {isa = PBXBuildFile; fileRef = 252DC7B22724AB94005F3489 /* Hierarchy.json */; };
		25F7D57F276777DF0019BA05 /* Ral.json in Resources */ = {isa = PBXBuildFile; fileRef = 252EF4DD275FCF4D00DD73F5 /* Ral.json */; };
/* End PBXBuildFile section */

/* Begin PBXFileReference section */
		252577852732BC0700252690 /* Styles.swift */ = {isa = PBXFileReference; lastKnownFileType = sourcecode.swift; path = Styles.swift; sourceTree = "<group>"; };
		252A89B9275AA8BD00BCA7AF /* Image.swift */ = {isa = PBXFileReference; lastKnownFileType = sourcecode.swift; path = Image.swift; sourceTree = "<group>"; };
		252A89BB275AA91200BCA7AF /* FotoFormView.swift */ = {isa = PBXFileReference; lastKnownFileType = sourcecode.swift; path = FotoFormView.swift; sourceTree = "<group>"; };
		252DC7B027248635005F3489 /* ProductEntityView.swift */ = {isa = PBXFileReference; lastKnownFileType = sourcecode.swift; path = ProductEntityView.swift; sourceTree = "<group>"; };
		252DC7B22724AB94005F3489 /* Hierarchy.json */ = {isa = PBXFileReference; lastKnownFileType = text.json; path = Hierarchy.json; sourceTree = "<group>"; };
		252EF4DD275FCF4D00DD73F5 /* Ral.json */ = {isa = PBXFileReference; lastKnownFileType = text.json; path = Ral.json; sourceTree = "<group>"; };
		254093342735A23A00AA07D5 /* String.swift */ = {isa = PBXFileReference; lastKnownFileType = sourcecode.swift; path = String.swift; sourceTree = "<group>"; };
		2544199627395B11005290C9 /* NewProjectView.swift */ = {isa = PBXFileReference; lastKnownFileType = sourcecode.swift; path = NewProjectView.swift; sourceTree = "<group>"; };
		254420742746AAEC00CFDDA4 /* ProjectDataView.swift */ = {isa = PBXFileReference; lastKnownFileType = sourcecode.swift; path = ProjectDataView.swift; sourceTree = "<group>"; };
		254420782746C89200CFDDA4 /* CustomEnvironmentProperties.swift */ = {isa = PBXFileReference; lastKnownFileType = sourcecode.swift; path = CustomEnvironmentProperties.swift; sourceTree = "<group>"; };
		255F375727AC7D1B00931412 /* UbicationView.swift */ = {isa = PBXFileReference; lastKnownFileType = sourcecode.swift; path = UbicationView.swift; sourceTree = "<group>"; };
		25743CDE27A8300200AB4598 /* ColorSwatchView.swift */ = {isa = PBXFileReference; lastKnownFileType = sourcecode.swift; path = ColorSwatchView.swift; sourceTree = "<group>"; };
		25745B68275866460056474E /* CreatePDF.swift */ = {isa = PBXFileReference; lastKnownFileType = sourcecode.swift; path = CreatePDF.swift; sourceTree = "<group>"; };
		257CC822271FE561009C65D1 /* Feivan.app */ = {isa = PBXFileReference; explicitFileType = wrapper.application; includeInIndex = 0; path = Feivan.app; sourceTree = BUILT_PRODUCTS_DIR; };
		257CC825271FE561009C65D1 /* FeivanApp.swift */ = {isa = PBXFileReference; lastKnownFileType = sourcecode.swift; path = FeivanApp.swift; sourceTree = "<group>"; };
		257CC827271FE561009C65D1 /* ClientEntityView.swift */ = {isa = PBXFileReference; lastKnownFileType = sourcecode.swift; path = ClientEntityView.swift; sourceTree = "<group>"; };
		257CC829271FE564009C65D1 /* Assets.xcassets */ = {isa = PBXFileReference; lastKnownFileType = folder.assetcatalog; path = Assets.xcassets; sourceTree = "<group>"; };
		257CC82C271FE564009C65D1 /* Preview Assets.xcassets */ = {isa = PBXFileReference; lastKnownFileType = folder.assetcatalog; path = "Preview Assets.xcassets"; sourceTree = "<group>"; };
		257CC82E271FE564009C65D1 /* Persistence.swift */ = {isa = PBXFileReference; lastKnownFileType = sourcecode.swift; path = Persistence.swift; sourceTree = "<group>"; };
		257CC83B271FE937009C65D1 /* ClientViewModel.swift */ = {isa = PBXFileReference; lastKnownFileType = sourcecode.swift; path = ClientViewModel.swift; sourceTree = "<group>"; };
		257CC83E272188CA009C65D1 /* Feivan.xcdatamodel */ = {isa = PBXFileReference; lastKnownFileType = wrapper.xcdatamodel; path = Feivan.xcdatamodel; sourceTree = "<group>"; };
		257CC84227218926009C65D1 /* HomeView.swift */ = {isa = PBXFileReference; lastKnownFileType = sourcecode.swift; path = HomeView.swift; sourceTree = "<group>"; };
		259AD0C3274E45EC00B697DD /* NewClientView.swift */ = {isa = PBXFileReference; lastKnownFileType = sourcecode.swift; path = NewClientView.swift; sourceTree = "<group>"; };
		259AD0C5274E460000B697DD /* NewProductView.swift */ = {isa = PBXFileReference; lastKnownFileType = sourcecode.swift; path = NewProductView.swift; sourceTree = "<group>"; };
		259AD0C7274E466A00B697DD /* NewSummaryView.swift */ = {isa = PBXFileReference; lastKnownFileType = sourcecode.swift; path = NewSummaryView.swift; sourceTree = "<group>"; };
		259AD0CA274E47C900B697DD /* FamiliaFormView.swift */ = {isa = PBXFileReference; lastKnownFileType = sourcecode.swift; path = FamiliaFormView.swift; sourceTree = "<group>"; };
		259AD0CC274E480A00B697DD /* NombreFormView.swift */ = {isa = PBXFileReference; lastKnownFileType = sourcecode.swift; path = NombreFormView.swift; sourceTree = "<group>"; };
		259AD0CE274E482800B697DD /* MaterialFormView.swift */ = {isa = PBXFileReference; lastKnownFileType = sourcecode.swift; path = MaterialFormView.swift; sourceTree = "<group>"; };
		259AD0D0274E48B600B697DD /* CurvasFormView.swift */ = {isa = PBXFileReference; lastKnownFileType = sourcecode.swift; path = CurvasFormView.swift; sourceTree = "<group>"; };
		259AD0D2274E490000B697DD /* ColorFormView.swift */ = {isa = PBXFileReference; lastKnownFileType = sourcecode.swift; path = ColorFormView.swift; sourceTree = "<group>"; };
		259AD0D4274E491B00B697DD /* TapajuntasFormView.swift */ = {isa = PBXFileReference; lastKnownFileType = sourcecode.swift; path = TapajuntasFormView.swift; sourceTree = "<group>"; };
		259AD0D6274E493E00B697DD /* DimensionesFormView.swift */ = {isa = PBXFileReference; lastKnownFileType = sourcecode.swift; path = DimensionesFormView.swift; sourceTree = "<group>"; };
		259AD0D8274E495800B697DD /* AperturaFormView.swift */ = {isa = PBXFileReference; lastKnownFileType = sourcecode.swift; path = AperturaFormView.swift; sourceTree = "<group>"; };
		259AD0DA274E49F400B697DD /* CompactoFormView.swift */ = {isa = PBXFileReference; lastKnownFileType = sourcecode.swift; path = CompactoFormView.swift; sourceTree = "<group>"; };
		259AD0DE274E4A2F00B697DD /* HuellaFormView.swift */ = {isa = PBXFileReference; lastKnownFileType = sourcecode.swift; path = HuellaFormView.swift; sourceTree = "<group>"; };
		259AD0E0274E4A4A00B697DD /* ForroExteriorFormView.swift */ = {isa = PBXFileReference; lastKnownFileType = sourcecode.swift; path = ForroExteriorFormView.swift; sourceTree = "<group>"; };
		259AD0E2274E4A6900B697DD /* CristalFormView.swift */ = {isa = PBXFileReference; lastKnownFileType = sourcecode.swift; path = CristalFormView.swift; sourceTree = "<group>"; };
		259AD0E4274E4C4600B697DD /* CerradurasFormView.swift */ = {isa = PBXFileReference; lastKnownFileType = sourcecode.swift; path = CerradurasFormView.swift; sourceTree = "<group>"; };
		259AD0E6274E4C6700B697DD /* ManetasFormView.swift */ = {isa = PBXFileReference; lastKnownFileType = sourcecode.swift; path = ManetasFormView.swift; sourceTree = "<group>"; };
		259AD0E8274E4CB900B697DD /* HerrajeFormView.swift */ = {isa = PBXFileReference; lastKnownFileType = sourcecode.swift; path = HerrajeFormView.swift; sourceTree = "<group>"; };
		259AD0EA274E4CD900B697DD /* PosicionFormView.swift */ = {isa = PBXFileReference; lastKnownFileType = sourcecode.swift; path = PosicionFormView.swift; sourceTree = "<group>"; };
		259AD0EC274E4CF200B697DD /* InstalacionFormView.swift */ = {isa = PBXFileReference; lastKnownFileType = sourcecode.swift; path = InstalacionFormView.swift; sourceTree = "<group>"; };
		259AD0EE274E4D1100B697DD /* MallorquinaFormView.swift */ = {isa = PBXFileReference; lastKnownFileType = sourcecode.swift; path = MallorquinaFormView.swift; sourceTree = "<group>"; };
		259BC28C272862BD00AE3305 /* Json.swift */ = {isa = PBXFileReference; lastKnownFileType = sourcecode.swift; path = Json.swift; sourceTree = "<group>"; };
		25A0018B27AEF34F0094F636 /* DrawOnImageView.swift */ = {isa = PBXFileReference; lastKnownFileType = sourcecode.swift; path = DrawOnImageView.swift; sourceTree = "<group>"; };
		25AE2B1B27B1586E009CF424 /* SwiftUtilities.swift */ = {isa = PBXFileReference; lastKnownFileType = sourcecode.swift; path = SwiftUtilities.swift; sourceTree = "<group>"; };
		25B790F52722D43000A2F6CD /* ProjectEntityView.swift */ = {isa = PBXFileReference; lastKnownFileType = sourcecode.swift; path = ProjectEntityView.swift; sourceTree = "<group>"; };
		25C6B6B1276B77B000253C7E /* HeaderPDF.swift */ = {isa = PBXFileReference; lastKnownFileType = sourcecode.swift; path = HeaderPDF.swift; sourceTree = "<group>"; };
		25C6B6B3276B789A00253C7E /* ProductPDF.swift */ = {isa = PBXFileReference; lastKnownFileType = sourcecode.swift; path = ProductPDF.swift; sourceTree = "<group>"; };
		25C6B6B5276B799400253C7E /* UtilsPDF.swift */ = {isa = PBXFileReference; lastKnownFileType = sourcecode.swift; path = UtilsPDF.swift; sourceTree = "<group>"; };
		25D50FC727B2DDF900795C5F /* Clone.swift */ = {isa = PBXFileReference; lastKnownFileType = sourcecode.swift; path = Clone.swift; sourceTree = "<group>"; };
		25D50FC927B3E32C00795C5F /* ProjectDataVM.swift */ = {isa = PBXFileReference; lastKnownFileType = sourcecode.swift; path = ProjectDataVM.swift; sourceTree = "<group>"; };
		25DBF3442743CBDB001D5FE3 /* MultipleSelection.swift */ = {isa = PBXFileReference; lastKnownFileType = sourcecode.swift; path = MultipleSelection.swift; sourceTree = "<group>"; };
		25E8F23A27218D510009CEB7 /* ListProjectsView.swift */ = {isa = PBXFileReference; lastKnownFileType = sourcecode.swift; path = ListProjectsView.swift; sourceTree = "<group>"; };
		25E8F23C27218E120009CEB7 /* ProjectViewModel.swift */ = {isa = PBXFileReference; lastKnownFileType = sourcecode.swift; path = ProjectViewModel.swift; sourceTree = "<group>"; };
		25E8F23E272197590009CEB7 /* DebugFile.swift */ = {isa = PBXFileReference; lastKnownFileType = sourcecode.swift; path = DebugFile.swift; sourceTree = "<group>"; };
		25E9089F2721AE9C008A490B /* ProductViewModel.swift */ = {isa = PBXFileReference; lastKnownFileType = sourcecode.swift; path = ProductViewModel.swift; sourceTree = "<group>"; };
		25ECB4D3276653040066F67C /* examplePDF.swift */ = {isa = PBXFileReference; lastKnownFileType = sourcecode.swift; path = examplePDF.swift; sourceTree = "<group>"; };
/* End PBXFileReference section */

/* Begin PBXFrameworksBuildPhase section */
		257CC81F271FE561009C65D1 /* Frameworks */ = {
			isa = PBXFrameworksBuildPhase;
			buildActionMask = 2147483647;
			files = (
			);
			runOnlyForDeploymentPostprocessing = 0;
		};
/* End PBXFrameworksBuildPhase section */

/* Begin PBXGroup section */
		252EF4D7275FC5F400DD73F5 /* Old */ = {
			isa = PBXGroup;
			children = (
				25ECB4D3276653040066F67C /* examplePDF.swift */,
			);
			path = Old;
			sourceTree = "<group>";
		};
		252EF4DA275FCC4700DD73F5 /* Json */ = {
			isa = PBXGroup;
			children = (
				252DC7B22724AB94005F3489 /* Hierarchy.json */,
				252EF4DD275FCF4D00DD73F5 /* Ral.json */,
			);
			path = Json;
			sourceTree = "<group>";
		};
		2544206D2746A5BC00CFDDA4 /* Utils */ = {
			isa = PBXGroup;
			children = (
				25AE2B1A27B1584F009CF424 /* Swift */,
				25A0018A27AEF31E0094F636 /* Drawing */,
				25A0018927AEB6970094F636 /* Location */,
				25743CDD27A82FE100AB4598 /* Color */,
				25C6B6B0276B75E000253C7E /* PDF */,
				259BC28C272862BD00AE3305 /* Json.swift */,
				25DBF3442743CBDB001D5FE3 /* MultipleSelection.swift */,
				254093342735A23A00AA07D5 /* String.swift */,
				254420782746C89200CFDDA4 /* CustomEnvironmentProperties.swift */,
				252A89B9275AA8BD00BCA7AF /* Image.swift */,
			);
			path = Utils;
			sourceTree = "<group>";
		};
		2544206E2746A5F100CFDDA4 /* Core Data */ = {
			isa = PBXGroup;
			children = (
				257CC82E271FE564009C65D1 /* Persistence.swift */,
				257CC83D272188CA009C65D1 /* Feivan.xcdatamodeld */,
				25D50FC727B2DDF900795C5F /* Clone.swift */,
			);
			path = "Core Data";
			sourceTree = "<group>";
		};
		254420702746A8CD00CFDDA4 /* Ver proyectos */ = {
			isa = PBXGroup;
			children = (
				25E8F23A27218D510009CEB7 /* ListProjectsView.swift */,
				254420742746AAEC00CFDDA4 /* ProjectDataView.swift */,
			);
			path = "Ver proyectos";
			sourceTree = "<group>";
		};
		254420712746A92000CFDDA4 /* Nuevo proyecto */ = {
			isa = PBXGroup;
			children = (
				2544199627395B11005290C9 /* NewProjectView.swift */,
				259AD0C3274E45EC00B697DD /* NewClientView.swift */,
				259AD0C5274E460000B697DD /* NewProductView.swift */,
				259AD0C7274E466A00B697DD /* NewSummaryView.swift */,
			);
			path = "Nuevo proyecto";
			sourceTree = "<group>";
		};
		254420722746A94100CFDDA4 /* Menú principal */ = {
			isa = PBXGroup;
			children = (
				25E8F23E272197590009CEB7 /* DebugFile.swift */,
				257CC84227218926009C65D1 /* HomeView.swift */,
				254420702746A8CD00CFDDA4 /* Ver proyectos */,
				254420712746A92000CFDDA4 /* Nuevo proyecto */,
			);
			name = "Menú principal";
			path = "Menú principal";
			sourceTree = "<group>";
		};
		25743CDD27A82FE100AB4598 /* Color */ = {
			isa = PBXGroup;
			children = (
				25743CDE27A8300200AB4598 /* ColorSwatchView.swift */,
			);
			path = Color;
			sourceTree = "<group>";
		};
		25745B67275865F50056474E /* Assets */ = {
			isa = PBXGroup;
			children = (
				257CC829271FE564009C65D1 /* Assets.xcassets */,
				252577852732BC0700252690 /* Styles.swift */,
			);
			path = Assets;
			sourceTree = "<group>";
		};
		257CC819271FE561009C65D1 = {
			isa = PBXGroup;
			children = (
				257CC824271FE561009C65D1 /* Feivan */,
				257CC823271FE561009C65D1 /* Products */,
			);
			sourceTree = "<group>";
		};
		257CC823271FE561009C65D1 /* Products */ = {
			isa = PBXGroup;
			children = (
				257CC822271FE561009C65D1 /* Feivan.app */,
			);
			name = Products;
			sourceTree = "<group>";
		};
		257CC824271FE561009C65D1 /* Feivan */ = {
			isa = PBXGroup;
			children = (
				257CC838271FE834009C65D1 /* Views */,
				257CC839271FE840009C65D1 /* View Models */,
				257CC83A271FE848009C65D1 /* Models */,
				25745B67275865F50056474E /* Assets */,
				2544206D2746A5BC00CFDDA4 /* Utils */,
				252EF4D7275FC5F400DD73F5 /* Old */,
				257CC82B271FE564009C65D1 /* Preview Content */,
			);
			path = Feivan;
			sourceTree = "<group>";
		};
		257CC82B271FE564009C65D1 /* Preview Content */ = {
			isa = PBXGroup;
			children = (
				257CC82C271FE564009C65D1 /* Preview Assets.xcassets */,
			);
			path = "Preview Content";
			sourceTree = "<group>";
		};
		257CC838271FE834009C65D1 /* Views */ = {
			isa = PBXGroup;
			children = (
				257CC825271FE561009C65D1 /* FeivanApp.swift */,
				254420722746A94100CFDDA4 /* Menú principal */,
				2585FDD3273ACD360093136A /* Entities */,
			);
			path = Views;
			sourceTree = "<group>";
		};
		257CC839271FE840009C65D1 /* View Models */ = {
			isa = PBXGroup;
			children = (
				25E8F23C27218E120009CEB7 /* ProjectViewModel.swift */,
				257CC83B271FE937009C65D1 /* ClientViewModel.swift */,
				25E9089F2721AE9C008A490B /* ProductViewModel.swift */,
				25D50FC927B3E32C00795C5F /* ProjectDataVM.swift */,
			);
			path = "View Models";
			sourceTree = "<group>";
		};
		257CC83A271FE848009C65D1 /* Models */ = {
			isa = PBXGroup;
			children = (
				252EF4DA275FCC4700DD73F5 /* Json */,
				2544206E2746A5F100CFDDA4 /* Core Data */,
			);
			path = Models;
			sourceTree = "<group>";
		};
		2585FDD3273ACD360093136A /* Entities */ = {
			isa = PBXGroup;
			children = (
				25B790F52722D43000A2F6CD /* ProjectEntityView.swift */,
				257CC827271FE561009C65D1 /* ClientEntityView.swift */,
				252DC7B027248635005F3489 /* ProductEntityView.swift */,
				259AD0C9274E476F00B697DD /* Product forms */,
			);
			path = Entities;
			sourceTree = "<group>";
		};
		259AD0C9274E476F00B697DD /* Product forms */ = {
			isa = PBXGroup;
			children = (
				259AD0CA274E47C900B697DD /* FamiliaFormView.swift */,
				259AD0CC274E480A00B697DD /* NombreFormView.swift */,
				259AD0D0274E48B600B697DD /* CurvasFormView.swift */,
				259AD0CE274E482800B697DD /* MaterialFormView.swift */,
				259AD0D2274E490000B697DD /* ColorFormView.swift */,
				259AD0D4274E491B00B697DD /* TapajuntasFormView.swift */,
				259AD0D6274E493E00B697DD /* DimensionesFormView.swift */,
				259AD0D8274E495800B697DD /* AperturaFormView.swift */,
				259AD0DA274E49F400B697DD /* CompactoFormView.swift */,
				259AD0DE274E4A2F00B697DD /* HuellaFormView.swift */,
				259AD0E0274E4A4A00B697DD /* ForroExteriorFormView.swift */,
				259AD0E2274E4A6900B697DD /* CristalFormView.swift */,
				259AD0E4274E4C4600B697DD /* CerradurasFormView.swift */,
				259AD0E6274E4C6700B697DD /* ManetasFormView.swift */,
				259AD0E8274E4CB900B697DD /* HerrajeFormView.swift */,
				259AD0EA274E4CD900B697DD /* PosicionFormView.swift */,
				259AD0EC274E4CF200B697DD /* InstalacionFormView.swift */,
				259AD0EE274E4D1100B697DD /* MallorquinaFormView.swift */,
				252A89BB275AA91200BCA7AF /* FotoFormView.swift */,
			);
			path = "Product forms";
			sourceTree = "<group>";
		};
		25A0018927AEB6970094F636 /* Location */ = {
			isa = PBXGroup;
			children = (
				255F375727AC7D1B00931412 /* UbicationView.swift */,
			);
			path = Location;
			sourceTree = "<group>";
		};
		25A0018A27AEF31E0094F636 /* Drawing */ = {
			isa = PBXGroup;
			children = (
				25A0018B27AEF34F0094F636 /* DrawOnImageView.swift */,
			);
			path = Drawing;
			sourceTree = "<group>";
		};
		25AE2B1A27B1584F009CF424 /* Swift */ = {
			isa = PBXGroup;
			children = (
				25AE2B1B27B1586E009CF424 /* SwiftUtilities.swift */,
			);
			path = Swift;
			sourceTree = "<group>";
		};
		25C6B6B0276B75E000253C7E /* PDF */ = {
			isa = PBXGroup;
			children = (
				25745B68275866460056474E /* CreatePDF.swift */,
				25C6B6B1276B77B000253C7E /* HeaderPDF.swift */,
				25C6B6B3276B789A00253C7E /* ProductPDF.swift */,
				25C6B6B5276B799400253C7E /* UtilsPDF.swift */,
			);
			path = PDF;
			sourceTree = "<group>";
		};
/* End PBXGroup section */

/* Begin PBXNativeTarget section */
		257CC821271FE561009C65D1 /* Feivan */ = {
			isa = PBXNativeTarget;
			buildConfigurationList = 257CC835271FE564009C65D1 /* Build configuration list for PBXNativeTarget "Feivan" */;
			buildPhases = (
				257CC81E271FE561009C65D1 /* Sources */,
				257CC81F271FE561009C65D1 /* Frameworks */,
				257CC820271FE561009C65D1 /* Resources */,
			);
			buildRules = (
			);
			dependencies = (
			);
			name = Feivan;
			productName = Feivan;
			productReference = 257CC822271FE561009C65D1 /* Feivan.app */;
			productType = "com.apple.product-type.application";
		};
/* End PBXNativeTarget section */

/* Begin PBXProject section */
		257CC81A271FE561009C65D1 /* Project object */ = {
			isa = PBXProject;
			attributes = {
				BuildIndependentTargetsInParallel = 1;
				LastSwiftUpdateCheck = 1300;
				LastUpgradeCheck = 1320;
				TargetAttributes = {
					257CC821271FE561009C65D1 = {
						CreatedOnToolsVersion = 13.0;
					};
				};
			};
			buildConfigurationList = 257CC81D271FE561009C65D1 /* Build configuration list for PBXProject "Feivan" */;
			compatibilityVersion = "Xcode 13.0";
			developmentRegion = en;
			hasScannedForEncodings = 0;
			knownRegions = (
				en,
				es,
				Base,
			);
			mainGroup = 257CC819271FE561009C65D1;
			productRefGroup = 257CC823271FE561009C65D1 /* Products */;
			projectDirPath = "";
			projectRoot = "";
			targets = (
				257CC821271FE561009C65D1 /* Feivan */,
			);
		};
/* End PBXProject section */

/* Begin PBXResourcesBuildPhase section */
		257CC820271FE561009C65D1 /* Resources */ = {
			isa = PBXResourcesBuildPhase;
			buildActionMask = 2147483647;
			files = (
				25F7D57F276777DF0019BA05 /* Ral.json in Resources */,
				25F7D57E276777DA0019BA05 /* Hierarchy.json in Resources */,
				25F7D57D276777D60019BA05 /* Assets.xcassets in Resources */,
			);
			runOnlyForDeploymentPostprocessing = 0;
		};
/* End PBXResourcesBuildPhase section */

/* Begin PBXSourcesBuildPhase section */
		257CC81E271FE561009C65D1 /* Sources */ = {
			isa = PBXSourcesBuildPhase;
			buildActionMask = 2147483647;
			files = (
				257CC83F272188CA009C65D1 /* Feivan.xcdatamodeld in Sources */,
				259AD0E3274E4A6900B697DD /* CristalFormView.swift in Sources */,
				259AD0D1274E48B600B697DD /* CurvasFormView.swift in Sources */,
				252577862732BC0700252690 /* Styles.swift in Sources */,
				25B790F62722D43000A2F6CD /* ProjectEntityView.swift in Sources */,
				25ECB4D4276653040066F67C /* examplePDF.swift in Sources */,
				25745B69275866460056474E /* CreatePDF.swift in Sources */,
				259AD0D5274E491B00B697DD /* TapajuntasFormView.swift in Sources */,
				259AD0CF274E482800B697DD /* MaterialFormView.swift in Sources */,
				259AD0E1274E4A4B00B697DD /* ForroExteriorFormView.swift in Sources */,
				252A89BA275AA8BD00BCA7AF /* Image.swift in Sources */,
				259AD0E7274E4C6700B697DD /* ManetasFormView.swift in Sources */,
				25A0018C27AEF34F0094F636 /* DrawOnImageView.swift in Sources */,
				257CC82F271FE564009C65D1 /* Persistence.swift in Sources */,
				257CC83C271FE937009C65D1 /* ClientViewModel.swift in Sources */,
				25D50FC827B2DDF900795C5F /* Clone.swift in Sources */,
				259AD0CD274E480A00B697DD /* NombreFormView.swift in Sources */,
				25DBF3452743CBDB001D5FE3 /* MultipleSelection.swift in Sources */,
				25C6B6B2276B77B000253C7E /* HeaderPDF.swift in Sources */,
				259AD0C8274E466A00B697DD /* NewSummaryView.swift in Sources */,
				259AD0C4274E45EC00B697DD /* NewClientView.swift in Sources */,
				255F375827AC7D1B00931412 /* UbicationView.swift in Sources */,
				254420752746AAEC00CFDDA4 /* ProjectDataView.swift in Sources */,
				259BC28D272862BD00AE3305 /* Json.swift in Sources */,
				252DC7B127248635005F3489 /* ProductEntityView.swift in Sources */,
				259AD0EF274E4D1100B697DD /* MallorquinaFormView.swift in Sources */,
				25C6B6B6276B799400253C7E /* UtilsPDF.swift in Sources */,
				25D50FCA27B3E32C00795C5F /* ProjectDataVM.swift in Sources */,
				259AD0E9274E4CB900B697DD /* HerrajeFormView.swift in Sources */,
				257CC84327218926009C65D1 /* HomeView.swift in Sources */,
				25AE2B1C27B1586E009CF424 /* SwiftUtilities.swift in Sources */,
				252A89BC275AA91200BCA7AF /* FotoFormView.swift in Sources */,
				259AD0EB274E4CD900B697DD /* PosicionFormView.swift in Sources */,
				25E908A02721AE9C008A490B /* ProductViewModel.swift in Sources */,
				259AD0D7274E493E00B697DD /* DimensionesFormView.swift in Sources */,
				259AD0D3274E490000B697DD /* ColorFormView.swift in Sources */,
				25E8F23D27218E120009CEB7 /* ProjectViewModel.swift in Sources */,
				259AD0E5274E4C4600B697DD /* CerradurasFormView.swift in Sources */,
				257CC828271FE561009C65D1 /* ClientEntityView.swift in Sources */,
				259AD0ED274E4CF200B697DD /* InstalacionFormView.swift in Sources */,
				25E8F23B27218D510009CEB7 /* ListProjectsView.swift in Sources */,
				25C6B6B4276B789A00253C7E /* ProductPDF.swift in Sources */,
				259AD0DB274E49F400B697DD /* CompactoFormView.swift in Sources */,
				2544199727395B11005290C9 /* NewProjectView.swift in Sources */,
				254420792746C89200CFDDA4 /* CustomEnvironmentProperties.swift in Sources */,
				259AD0DF274E4A2F00B697DD /* HuellaFormView.swift in Sources */,
				259AD0CB274E47C900B697DD /* FamiliaFormView.swift in Sources */,
				259AD0C6274E460000B697DD /* NewProductView.swift in Sources */,
				254093352735A23A00AA07D5 /* String.swift in Sources */,
				259AD0D9274E495800B697DD /* AperturaFormView.swift in Sources */,
				257CC826271FE561009C65D1 /* FeivanApp.swift in Sources */,
				25E8F23F272197590009CEB7 /* DebugFile.swift in Sources */,
				25743CDF27A8300200AB4598 /* ColorSwatchView.swift in Sources */,
			);
			runOnlyForDeploymentPostprocessing = 0;
		};
/* End PBXSourcesBuildPhase section */

/* Begin XCBuildConfiguration section */
		257CC833271FE564009C65D1 /* Debug */ = {
			isa = XCBuildConfiguration;
			buildSettings = {
				ALWAYS_SEARCH_USER_PATHS = NO;
				CLANG_ANALYZER_LOCALIZABILITY_NONLOCALIZED = YES;
				CLANG_ANALYZER_NONNULL = YES;
				CLANG_ANALYZER_NUMBER_OBJECT_CONVERSION = YES_AGGRESSIVE;
				CLANG_CXX_LANGUAGE_STANDARD = "gnu++17";
				CLANG_CXX_LIBRARY = "libc++";
				CLANG_ENABLE_MODULES = YES;
				CLANG_ENABLE_OBJC_ARC = YES;
				CLANG_ENABLE_OBJC_WEAK = YES;
				CLANG_WARN_BLOCK_CAPTURE_AUTORELEASING = YES;
				CLANG_WARN_BOOL_CONVERSION = YES;
				CLANG_WARN_COMMA = YES;
				CLANG_WARN_CONSTANT_CONVERSION = YES;
				CLANG_WARN_DEPRECATED_OBJC_IMPLEMENTATIONS = YES;
				CLANG_WARN_DIRECT_OBJC_ISA_USAGE = YES_ERROR;
				CLANG_WARN_DOCUMENTATION_COMMENTS = YES;
				CLANG_WARN_EMPTY_BODY = YES;
				CLANG_WARN_ENUM_CONVERSION = YES;
				CLANG_WARN_INFINITE_RECURSION = YES;
				CLANG_WARN_INT_CONVERSION = YES;
				CLANG_WARN_NON_LITERAL_NULL_CONVERSION = YES;
				CLANG_WARN_OBJC_IMPLICIT_RETAIN_SELF = YES;
				CLANG_WARN_OBJC_LITERAL_CONVERSION = YES;
				CLANG_WARN_OBJC_ROOT_CLASS = YES_ERROR;
				CLANG_WARN_QUOTED_INCLUDE_IN_FRAMEWORK_HEADER = YES;
				CLANG_WARN_RANGE_LOOP_ANALYSIS = YES;
				CLANG_WARN_STRICT_PROTOTYPES = YES;
				CLANG_WARN_SUSPICIOUS_MOVE = YES;
				CLANG_WARN_UNGUARDED_AVAILABILITY = YES_AGGRESSIVE;
				CLANG_WARN_UNREACHABLE_CODE = YES;
				CLANG_WARN__DUPLICATE_METHOD_MATCH = YES;
				COPY_PHASE_STRIP = NO;
				DEBUG_INFORMATION_FORMAT = dwarf;
				ENABLE_STRICT_OBJC_MSGSEND = YES;
				ENABLE_TESTABILITY = YES;
				GCC_C_LANGUAGE_STANDARD = gnu11;
				GCC_DYNAMIC_NO_PIC = NO;
				GCC_NO_COMMON_BLOCKS = YES;
				GCC_OPTIMIZATION_LEVEL = 0;
				GCC_PREPROCESSOR_DEFINITIONS = (
					"DEBUG=1",
					"$(inherited)",
				);
				GCC_WARN_64_TO_32_BIT_CONVERSION = YES;
				GCC_WARN_ABOUT_RETURN_TYPE = YES_ERROR;
				GCC_WARN_UNDECLARED_SELECTOR = YES;
				GCC_WARN_UNINITIALIZED_AUTOS = YES_AGGRESSIVE;
				GCC_WARN_UNUSED_FUNCTION = YES;
				GCC_WARN_UNUSED_VARIABLE = YES;
				IPHONEOS_DEPLOYMENT_TARGET = 15.0;
				MTL_ENABLE_DEBUG_INFO = INCLUDE_SOURCE;
				MTL_FAST_MATH = YES;
				ONLY_ACTIVE_ARCH = YES;
				SDKROOT = iphoneos;
				SWIFT_ACTIVE_COMPILATION_CONDITIONS = DEBUG;
				SWIFT_OPTIMIZATION_LEVEL = "-Onone";
			};
			name = Debug;
		};
		257CC834271FE564009C65D1 /* Release */ = {
			isa = XCBuildConfiguration;
			buildSettings = {
				ALWAYS_SEARCH_USER_PATHS = NO;
				CLANG_ANALYZER_LOCALIZABILITY_NONLOCALIZED = YES;
				CLANG_ANALYZER_NONNULL = YES;
				CLANG_ANALYZER_NUMBER_OBJECT_CONVERSION = YES_AGGRESSIVE;
				CLANG_CXX_LANGUAGE_STANDARD = "gnu++17";
				CLANG_CXX_LIBRARY = "libc++";
				CLANG_ENABLE_MODULES = YES;
				CLANG_ENABLE_OBJC_ARC = YES;
				CLANG_ENABLE_OBJC_WEAK = YES;
				CLANG_WARN_BLOCK_CAPTURE_AUTORELEASING = YES;
				CLANG_WARN_BOOL_CONVERSION = YES;
				CLANG_WARN_COMMA = YES;
				CLANG_WARN_CONSTANT_CONVERSION = YES;
				CLANG_WARN_DEPRECATED_OBJC_IMPLEMENTATIONS = YES;
				CLANG_WARN_DIRECT_OBJC_ISA_USAGE = YES_ERROR;
				CLANG_WARN_DOCUMENTATION_COMMENTS = YES;
				CLANG_WARN_EMPTY_BODY = YES;
				CLANG_WARN_ENUM_CONVERSION = YES;
				CLANG_WARN_INFINITE_RECURSION = YES;
				CLANG_WARN_INT_CONVERSION = YES;
				CLANG_WARN_NON_LITERAL_NULL_CONVERSION = YES;
				CLANG_WARN_OBJC_IMPLICIT_RETAIN_SELF = YES;
				CLANG_WARN_OBJC_LITERAL_CONVERSION = YES;
				CLANG_WARN_OBJC_ROOT_CLASS = YES_ERROR;
				CLANG_WARN_QUOTED_INCLUDE_IN_FRAMEWORK_HEADER = YES;
				CLANG_WARN_RANGE_LOOP_ANALYSIS = YES;
				CLANG_WARN_STRICT_PROTOTYPES = YES;
				CLANG_WARN_SUSPICIOUS_MOVE = YES;
				CLANG_WARN_UNGUARDED_AVAILABILITY = YES_AGGRESSIVE;
				CLANG_WARN_UNREACHABLE_CODE = YES;
				CLANG_WARN__DUPLICATE_METHOD_MATCH = YES;
				COPY_PHASE_STRIP = NO;
				DEBUG_INFORMATION_FORMAT = "dwarf-with-dsym";
				ENABLE_NS_ASSERTIONS = NO;
				ENABLE_STRICT_OBJC_MSGSEND = YES;
				GCC_C_LANGUAGE_STANDARD = gnu11;
				GCC_NO_COMMON_BLOCKS = YES;
				GCC_WARN_64_TO_32_BIT_CONVERSION = YES;
				GCC_WARN_ABOUT_RETURN_TYPE = YES_ERROR;
				GCC_WARN_UNDECLARED_SELECTOR = YES;
				GCC_WARN_UNINITIALIZED_AUTOS = YES_AGGRESSIVE;
				GCC_WARN_UNUSED_FUNCTION = YES;
				GCC_WARN_UNUSED_VARIABLE = YES;
				IPHONEOS_DEPLOYMENT_TARGET = 15.0;
				MTL_ENABLE_DEBUG_INFO = NO;
				MTL_FAST_MATH = YES;
				SDKROOT = iphoneos;
				SWIFT_COMPILATION_MODE = wholemodule;
				SWIFT_OPTIMIZATION_LEVEL = "-O";
				VALIDATE_PRODUCT = YES;
			};
			name = Release;
		};
		257CC836271FE564009C65D1 /* Debug */ = {
			isa = XCBuildConfiguration;
			buildSettings = {
				ASSETCATALOG_COMPILER_APPICON_NAME = AppIcon;
				ASSETCATALOG_COMPILER_GLOBAL_ACCENT_COLOR_NAME = AccentColor;
				ASSETCATALOG_COMPILER_INCLUDE_ALL_APPICON_ASSETS = NO;
				CODE_SIGN_IDENTITY = "Apple Development";
				CODE_SIGN_STYLE = Automatic;
				CURRENT_PROJECT_VERSION = 1;
				DEVELOPMENT_ASSET_PATHS = "\"Feivan/Preview Content\"";
				DEVELOPMENT_TEAM = 4JPQJZ69WQ;
				ENABLE_PREVIEWS = YES;
				GENERATE_INFOPLIST_FILE = YES;
				INFOPLIST_FILE = Feivan/Info.plist;
				INFOPLIST_KEY_NSCameraUsageDescription = "Feivan photo use";
				INFOPLIST_KEY_NSLocationAlwaysAndWhenInUseUsageDescription = "App needs location";
				INFOPLIST_KEY_NSLocationAlwaysUsageDescription = "App needs location";
				INFOPLIST_KEY_NSLocationWhenInUseUsageDescription = "App needs location";
				INFOPLIST_KEY_UIApplicationSceneManifest_Generation = YES;
				INFOPLIST_KEY_UIApplicationSupportsIndirectInputEvents = YES;
				INFOPLIST_KEY_UILaunchScreen_Generation = YES;
				INFOPLIST_KEY_UISupportedInterfaceOrientations_iPad = "UIInterfaceOrientationPortrait UIInterfaceOrientationPortraitUpsideDown UIInterfaceOrientationLandscapeLeft UIInterfaceOrientationLandscapeRight";
				INFOPLIST_KEY_UISupportedInterfaceOrientations_iPhone = "UIInterfaceOrientationPortrait UIInterfaceOrientationLandscapeLeft UIInterfaceOrientationLandscapeRight";
				INFOPLIST_KEY_UIUserInterfaceStyle = Light;
				IPHONEOS_DEPLOYMENT_TARGET = 14.0;
				LD_RUNPATH_SEARCH_PATHS = (
					"$(inherited)",
					"@executable_path/Frameworks",
				);
				MARKETING_VERSION = 1.1.3;
				PRODUCT_BUNDLE_IDENTIFIER = com.javigo.Feivan;
				PRODUCT_NAME = "$(TARGET_NAME)";
				PROVISIONING_PROFILE_SPECIFIER = "";
				SWIFT_EMIT_LOC_STRINGS = YES;
				SWIFT_VERSION = 5.0;
				TARGETED_DEVICE_FAMILY = "1,2";
			};
			name = Debug;
		};
		257CC837271FE564009C65D1 /* Release */ = {
			isa = XCBuildConfiguration;
			buildSettings = {
				ASSETCATALOG_COMPILER_APPICON_NAME = AppIcon;
				ASSETCATALOG_COMPILER_GLOBAL_ACCENT_COLOR_NAME = AccentColor;
				ASSETCATALOG_COMPILER_INCLUDE_ALL_APPICON_ASSETS = NO;
				CODE_SIGN_IDENTITY = "Apple Development";
				CODE_SIGN_STYLE = Automatic;
				CURRENT_PROJECT_VERSION = 1;
				DEVELOPMENT_ASSET_PATHS = "\"Feivan/Preview Content\"";
				DEVELOPMENT_TEAM = 4JPQJZ69WQ;
				ENABLE_PREVIEWS = YES;
				GENERATE_INFOPLIST_FILE = YES;
				INFOPLIST_FILE = Feivan/Info.plist;
				INFOPLIST_KEY_NSCameraUsageDescription = "Feivan photo use";
				INFOPLIST_KEY_NSLocationAlwaysAndWhenInUseUsageDescription = "App needs location";
				INFOPLIST_KEY_NSLocationAlwaysUsageDescription = "App needs location";
				INFOPLIST_KEY_NSLocationWhenInUseUsageDescription = "App needs location";
				INFOPLIST_KEY_UIApplicationSceneManifest_Generation = YES;
				INFOPLIST_KEY_UIApplicationSupportsIndirectInputEvents = YES;
				INFOPLIST_KEY_UILaunchScreen_Generation = YES;
				INFOPLIST_KEY_UISupportedInterfaceOrientations_iPad = "UIInterfaceOrientationPortrait UIInterfaceOrientationPortraitUpsideDown UIInterfaceOrientationLandscapeLeft UIInterfaceOrientationLandscapeRight";
				INFOPLIST_KEY_UISupportedInterfaceOrientations_iPhone = "UIInterfaceOrientationPortrait UIInterfaceOrientationLandscapeLeft UIInterfaceOrientationLandscapeRight";
				INFOPLIST_KEY_UIUserInterfaceStyle = Light;
				IPHONEOS_DEPLOYMENT_TARGET = 14.0;
				LD_RUNPATH_SEARCH_PATHS = (
					"$(inherited)",
					"@executable_path/Frameworks",
				);
				MARKETING_VERSION = 1.1.3;
				PRODUCT_BUNDLE_IDENTIFIER = com.javigo.Feivan;
				PRODUCT_NAME = "$(TARGET_NAME)";
				PROVISIONING_PROFILE_SPECIFIER = "";
				SWIFT_EMIT_LOC_STRINGS = YES;
				SWIFT_VERSION = 5.0;
				TARGETED_DEVICE_FAMILY = "1,2";
			};
			name = Release;
		};
/* End XCBuildConfiguration section */

/* Begin XCConfigurationList section */
		257CC81D271FE561009C65D1 /* Build configuration list for PBXProject "Feivan" */ = {
			isa = XCConfigurationList;
			buildConfigurations = (
				257CC833271FE564009C65D1 /* Debug */,
				257CC834271FE564009C65D1 /* Release */,
			);
			defaultConfigurationIsVisible = 0;
			defaultConfigurationName = Release;
		};
		257CC835271FE564009C65D1 /* Build configuration list for PBXNativeTarget "Feivan" */ = {
			isa = XCConfigurationList;
			buildConfigurations = (
				257CC836271FE564009C65D1 /* Debug */,
				257CC837271FE564009C65D1 /* Release */,
			);
			defaultConfigurationIsVisible = 0;
			defaultConfigurationName = Release;
		};
/* End XCConfigurationList section */

/* Begin XCVersionGroup section */
		257CC83D272188CA009C65D1 /* Feivan.xcdatamodeld */ = {
			isa = XCVersionGroup;
			children = (
				257CC83E272188CA009C65D1 /* Feivan.xcdatamodel */,
			);
			currentVersion = 257CC83E272188CA009C65D1 /* Feivan.xcdatamodel */;
			path = Feivan.xcdatamodeld;
			sourceTree = "<group>";
			versionGroupType = wrapper.xcdatamodel;
		};
/* End XCVersionGroup section */
	};
	rootObject = 257CC81A271FE561009C65D1 /* Project object */;
}
